
Microsoft Visual Studio Solution File, Format Version 12.00
# Visual Studio 15
VisualStudioVersion = 15.0.27703.2000
MinimumVisualStudioVersion = 10.0.40219.1
Project("{FAE04EC0-301F-11D3-BF4B-00C04F79EFBC}") = "MakeFont", "MakeFont\MakeFont.csproj", "{B417EC14-F99E-4F0C-81B3-9DA9700F1F81}"
EndProject
Project("{FAE04EC0-301F-11D3-BF4B-00C04F79EFBC}") = "FontEditor", "FontEditor\FontEditor.csproj", "{0051F382-B185-4CC1-A362-F486B4551DA1}"
EndProject
Project("{FAE04EC0-301F-11D3-BF4B-00C04F79EFBC}") = "Common", "Common\Common.csproj", "{C021E084-558A-412C-8836-E33041D67B6A}"
EndProject
Project("{FAE04EC0-301F-11D3-BF4B-00C04F79EFBC}") = "MakeBitmap", "MakeBitmap\MakeBitmap.csproj", "{EDC861DC-EF9E-46F9-9E02-F8C80E6A48CC}"
EndProject
Project("{FAE04EC0-301F-11D3-BF4B-00C04F79EFBC}") = "MakeBitmapSequence", "MakeBitmapSequence\MakeBitmapSequence.csproj", "{D3FC04EA-C5C5-4E30-AE4B-72FD05FEA175}"
EndProject
Project("{FAE04EC0-301F-11D3-BF4B-00C04F79EFBC}") = "MapEditor", "MapEditor\MapEditor.csproj", "{6A32F5C5-8282-48C8-A91E-DE48926A78E1}"
EndProject
Project("{FAE04EC0-301F-11D3-BF4B-00C04F79EFBC}") = "EditorCommon", "EditorCommon\EditorCommon.csproj", "{B9220D3C-3F3C-4C4A-BB2F-D1D7EE8C0EC7}"
EndProject
Global
	GlobalSection(SolutionConfigurationPlatforms) = preSolution
		Debug|Any CPU = Debug|Any CPU
		Debug|x86 = Debug|x86
		Release|Any CPU = Release|Any CPU
		Release|x86 = Release|x86
	EndGlobalSection
	GlobalSection(ProjectConfigurationPlatforms) = postSolution
		{B417EC14-F99E-4F0C-81B3-9DA9700F1F81}.Debug|Any CPU.ActiveCfg = Debug|Any CPU
		{B417EC14-F99E-4F0C-81B3-9DA9700F1F81}.Debug|Any CPU.Build.0 = Debug|Any CPU
		{B417EC14-F99E-4F0C-81B3-9DA9700F1F81}.Debug|x86.ActiveCfg = Debug|Any CPU
		{B417EC14-F99E-4F0C-81B3-9DA9700F1F81}.Debug|x86.Build.0 = Debug|Any CPU
		{B417EC14-F99E-4F0C-81B3-9DA9700F1F81}.Release|Any CPU.ActiveCfg = Release|Any CPU
		{B417EC14-F99E-4F0C-81B3-9DA9700F1F81}.Release|Any CPU.Build.0 = Release|Any CPU
		{B417EC14-F99E-4F0C-81B3-9DA9700F1F81}.Release|x86.ActiveCfg = Release|Any CPU
		{B417EC14-F99E-4F0C-81B3-9DA9700F1F81}.Release|x86.Build.0 = Release|Any CPU
		{0051F382-B185-4CC1-A362-F486B4551DA1}.Debug|Any CPU.ActiveCfg = Debug|Any CPU
		{0051F382-B185-4CC1-A362-F486B4551DA1}.Debug|Any CPU.Build.0 = Debug|Any CPU
		{0051F382-B185-4CC1-A362-F486B4551DA1}.Debug|x86.ActiveCfg = Debug|Any CPU
		{0051F382-B185-4CC1-A362-F486B4551DA1}.Debug|x86.Build.0 = Debug|Any CPU
		{0051F382-B185-4CC1-A362-F486B4551DA1}.Release|Any CPU.ActiveCfg = Release|Any CPU
		{0051F382-B185-4CC1-A362-F486B4551DA1}.Release|Any CPU.Build.0 = Release|Any CPU
		{0051F382-B185-4CC1-A362-F486B4551DA1}.Release|x86.ActiveCfg = Release|Any CPU
		{0051F382-B185-4CC1-A362-F486B4551DA1}.Release|x86.Build.0 = Release|Any CPU
		{C021E084-558A-412C-8836-E33041D67B6A}.Debug|Any CPU.ActiveCfg = Debug|Any CPU
		{C021E084-558A-412C-8836-E33041D67B6A}.Debug|Any CPU.Build.0 = Debug|Any CPU
		{C021E084-558A-412C-8836-E33041D67B6A}.Debug|x86.ActiveCfg = Debug|Any CPU
		{C021E084-558A-412C-8836-E33041D67B6A}.Debug|x86.Build.0 = Debug|Any CPU
		{C021E084-558A-412C-8836-E33041D67B6A}.Release|Any CPU.ActiveCfg = Release|Any CPU
		{C021E084-558A-412C-8836-E33041D67B6A}.Release|Any CPU.Build.0 = Release|Any CPU
		{C021E084-558A-412C-8836-E33041D67B6A}.Release|x86.ActiveCfg = Release|Any CPU
		{C021E084-558A-412C-8836-E33041D67B6A}.Release|x86.Build.0 = Release|Any CPU
		{EDC861DC-EF9E-46F9-9E02-F8C80E6A48CC}.Debug|Any CPU.ActiveCfg = Debug|Any CPU
		{EDC861DC-EF9E-46F9-9E02-F8C80E6A48CC}.Debug|Any CPU.Build.0 = Debug|Any CPU
		{EDC861DC-EF9E-46F9-9E02-F8C80E6A48CC}.Debug|x86.ActiveCfg = Debug|Any CPU
		{EDC861DC-EF9E-46F9-9E02-F8C80E6A48CC}.Debug|x86.Build.0 = Debug|Any CPU
		{EDC861DC-EF9E-46F9-9E02-F8C80E6A48CC}.Release|Any CPU.ActiveCfg = Release|Any CPU
		{EDC861DC-EF9E-46F9-9E02-F8C80E6A48CC}.Release|Any CPU.Build.0 = Release|Any CPU
		{EDC861DC-EF9E-46F9-9E02-F8C80E6A48CC}.Release|x86.ActiveCfg = Release|Any CPU
		{EDC861DC-EF9E-46F9-9E02-F8C80E6A48CC}.Release|x86.Build.0 = Release|Any CPU
		{D3FC04EA-C5C5-4E30-AE4B-72FD05FEA175}.Debug|Any CPU.ActiveCfg = Debug|Any CPU
		{D3FC04EA-C5C5-4E30-AE4B-72FD05FEA175}.Debug|Any CPU.Build.0 = Debug|Any CPU
		{D3FC04EA-C5C5-4E30-AE4B-72FD05FEA175}.Debug|x86.ActiveCfg = Debug|Any CPU
		{D3FC04EA-C5C5-4E30-AE4B-72FD05FEA175}.Debug|x86.Build.0 = Debug|Any CPU
		{D3FC04EA-C5C5-4E30-AE4B-72FD05FEA175}.Release|Any CPU.ActiveCfg = Release|Any CPU
		{D3FC04EA-C5C5-4E30-AE4B-72FD05FEA175}.Release|Any CPU.Build.0 = Release|Any CPU
		{D3FC04EA-C5C5-4E30-AE4B-72FD05FEA175}.Release|x86.ActiveCfg = Release|Any CPU
		{D3FC04EA-C5C5-4E30-AE4B-72FD05FEA175}.Release|x86.Build.0 = Release|Any CPU
		{6A32F5C5-8282-48C8-A91E-DE48926A78E1}.Debug|Any CPU.ActiveCfg = Debug|Any CPU
		{6A32F5C5-8282-48C8-A91E-DE48926A78E1}.Debug|Any CPU.Build.0 = Debug|Any CPU
		{6A32F5C5-8282-48C8-A91E-DE48926A78E1}.Debug|x86.ActiveCfg = Debug|Any CPU
		{6A32F5C5-8282-48C8-A91E-DE48926A78E1}.Debug|x86.Build.0 = Debug|Any CPU
		{6A32F5C5-8282-48C8-A91E-DE48926A78E1}.Release|Any CPU.ActiveCfg = Release|Any CPU
		{6A32F5C5-8282-48C8-A91E-DE48926A78E1}.Release|Any CPU.Build.0 = Release|Any CPU
		{6A32F5C5-8282-48C8-A91E-DE48926A78E1}.Release|x86.ActiveCfg = Release|Any CPU
		{6A32F5C5-8282-48C8-A91E-DE48926A78E1}.Release|x86.Build.0 = Release|Any CPU
		{B9220D3C-3F3C-4C4A-BB2F-D1D7EE8C0EC7}.Debug|Any CPU.ActiveCfg = Debug|Any CPU
		{B9220D3C-3F3C-4C4A-BB2F-D1D7EE8C0EC7}.Debug|Any CPU.Build.0 = Debug|Any CPU
		{B9220D3C-3F3C-4C4A-BB2F-D1D7EE8C0EC7}.Debug|x86.ActiveCfg = Debug|Any CPU
		{B9220D3C-3F3C-4C4A-BB2F-D1D7EE8C0EC7}.Debug|x86.Build.0 = Debug|Any CPU
		{B9220D3C-3F3C-4C4A-BB2F-D1D7EE8C0EC7}.Release|Any CPU.ActiveCfg = Release|Any CPU
		{B9220D3C-3F3C-4C4A-BB2F-D1D7EE8C0EC7}.Release|Any CPU.Build.0 = Release|Any CPU
		{B9220D3C-3F3C-4C4A-BB2F-D1D7EE8C0EC7}.Release|x86.ActiveCfg = Release|Any CPU
		{B9220D3C-3F3C-4C4A-BB2F-D1D7EE8C0EC7}.Release|x86.Build.0 = Release|Any CPU
	EndGlobalSection
	GlobalSection(SolutionProperties) = preSolution
		HideSolutionNode = FALSE
	EndGlobalSection
	GlobalSection(ExtensibilityGlobals) = postSolution
		SolutionGuid = {35C807A6-A575-4BB3-A359-AB61BB2DF102}
	EndGlobalSection
EndGlobal
