
Microsoft Visual Studio Solution File, Format Version 12.00
# Visual Studio Version 17
VisualStudioVersion = 17.11.35431.28
MinimumVisualStudioVersion = 10.0.40219.1
Project("{778DAE3C-4631-46EA-AA77-85C1314464D9}") = "towd", "towd\towd.vbproj", "{1185EDEF-9F9E-48A6-A579-40B791D78448}"
EndProject
Project("{778DAE3C-4631-46EA-AA77-85C1314464D9}") = "towd.data", "towd.data\towd.data.vbproj", "{BA405907-2933-458F-9B8A-08D5A27FD2E6}"
EndProject
Project("{778DAE3C-4631-46EA-AA77-85C1314464D9}") = "towd.business", "towd.business\towd.business.vbproj", "{9FC37A8B-0EF0-4967-87A7-7F5B87309BB2}"
EndProject
Project("{2150E333-8FDC-42A3-9474-1A3956D46DE8}") = "_STUFF", "_STUFF", "{B0178548-70BA-40DD-8E40-B3C206527EC5}"
	ProjectSection(SolutionItems) = preProject
		..\.gitignore = ..\.gitignore
		..\shippit.sh = ..\shippit.sh
	EndProjectSection
EndProject
Project("{2150E333-8FDC-42A3-9474-1A3956D46DE8}") = "Solution Items", "Solution Items", "{1E3BA998-2550-4117-AA77-5E2111B1427F}"
	ProjectSection(SolutionItems) = preProject
		.editorconfig = .editorconfig
	EndProjectSection
EndProject
Project("{F184B08F-C81C-45F6-A57F-5ABD9991F28F}") = "towd.business.tests", "towd.business.tests\towd.business.tests.vbproj", "{9653E917-2A04-425C-94D0-AF27ADB4EC7B}"
EndProject
Project("{2150E333-8FDC-42A3-9474-1A3956D46DE8}") = "Tests", "Tests", "{7A38084E-C44E-4813-BE60-EAA94226B19A}"
EndProject
Project("{F184B08F-C81C-45F6-A57F-5ABD9991F28F}") = "towd.tests", "towd.tests\towd.tests.vbproj", "{F3821BE7-5631-42BA-B477-E63E53171209}"
EndProject
Project("{F184B08F-C81C-45F6-A57F-5ABD9991F28F}") = "towd.ui", "towd.ui\towd.ui.vbproj", "{FF433088-61F0-4255-8055-FBFDAFE515CE}"
EndProject
Project("{F184B08F-C81C-45F6-A57F-5ABD9991F28F}") = "towd.spectre", "towd.spectre\towd.spectre.vbproj", "{05B07EE9-1E2A-4998-A504-74987ED49A2E}"
EndProject
Project("{FAE04EC0-301F-11D3-BF4B-00C04F79EFBC}") = "towd.blazor", "towd.blazor\towd.blazor\towd.blazor.csproj", "{F79AFC9D-5933-4497-BC25-0D21D5BA3361}"
EndProject
Project("{FAE04EC0-301F-11D3-BF4B-00C04F79EFBC}") = "towd.blazor.Client", "towd.blazor\towd.blazor.Client\towd.blazor.Client.csproj", "{14A60B84-5672-4BD7-9549-9DCED2CF2F85}"
EndProject
Global
	GlobalSection(SolutionConfigurationPlatforms) = preSolution
		Debug|Any CPU = Debug|Any CPU
		Release|Any CPU = Release|Any CPU
	EndGlobalSection
	GlobalSection(ProjectConfigurationPlatforms) = postSolution
		{1185EDEF-9F9E-48A6-A579-40B791D78448}.Debug|Any CPU.ActiveCfg = Debug|Any CPU
		{1185EDEF-9F9E-48A6-A579-40B791D78448}.Debug|Any CPU.Build.0 = Debug|Any CPU
		{1185EDEF-9F9E-48A6-A579-40B791D78448}.Release|Any CPU.ActiveCfg = Release|Any CPU
		{1185EDEF-9F9E-48A6-A579-40B791D78448}.Release|Any CPU.Build.0 = Release|Any CPU
		{BA405907-2933-458F-9B8A-08D5A27FD2E6}.Debug|Any CPU.ActiveCfg = Debug|Any CPU
		{BA405907-2933-458F-9B8A-08D5A27FD2E6}.Debug|Any CPU.Build.0 = Debug|Any CPU
		{BA405907-2933-458F-9B8A-08D5A27FD2E6}.Release|Any CPU.ActiveCfg = Release|Any CPU
		{BA405907-2933-458F-9B8A-08D5A27FD2E6}.Release|Any CPU.Build.0 = Release|Any CPU
		{9FC37A8B-0EF0-4967-87A7-7F5B87309BB2}.Debug|Any CPU.ActiveCfg = Debug|Any CPU
		{9FC37A8B-0EF0-4967-87A7-7F5B87309BB2}.Debug|Any CPU.Build.0 = Debug|Any CPU
		{9FC37A8B-0EF0-4967-87A7-7F5B87309BB2}.Release|Any CPU.ActiveCfg = Release|Any CPU
		{9FC37A8B-0EF0-4967-87A7-7F5B87309BB2}.Release|Any CPU.Build.0 = Release|Any CPU
		{9653E917-2A04-425C-94D0-AF27ADB4EC7B}.Debug|Any CPU.ActiveCfg = Debug|Any CPU
		{9653E917-2A04-425C-94D0-AF27ADB4EC7B}.Debug|Any CPU.Build.0 = Debug|Any CPU
		{9653E917-2A04-425C-94D0-AF27ADB4EC7B}.Release|Any CPU.ActiveCfg = Release|Any CPU
		{9653E917-2A04-425C-94D0-AF27ADB4EC7B}.Release|Any CPU.Build.0 = Release|Any CPU
		{F3821BE7-5631-42BA-B477-E63E53171209}.Debug|Any CPU.ActiveCfg = Debug|Any CPU
		{F3821BE7-5631-42BA-B477-E63E53171209}.Debug|Any CPU.Build.0 = Debug|Any CPU
		{F3821BE7-5631-42BA-B477-E63E53171209}.Release|Any CPU.ActiveCfg = Release|Any CPU
		{F3821BE7-5631-42BA-B477-E63E53171209}.Release|Any CPU.Build.0 = Release|Any CPU
		{FF433088-61F0-4255-8055-FBFDAFE515CE}.Debug|Any CPU.ActiveCfg = Debug|Any CPU
		{FF433088-61F0-4255-8055-FBFDAFE515CE}.Debug|Any CPU.Build.0 = Debug|Any CPU
		{FF433088-61F0-4255-8055-FBFDAFE515CE}.Release|Any CPU.ActiveCfg = Release|Any CPU
		{FF433088-61F0-4255-8055-FBFDAFE515CE}.Release|Any CPU.Build.0 = Release|Any CPU
		{05B07EE9-1E2A-4998-A504-74987ED49A2E}.Debug|Any CPU.ActiveCfg = Debug|Any CPU
		{05B07EE9-1E2A-4998-A504-74987ED49A2E}.Debug|Any CPU.Build.0 = Debug|Any CPU
		{05B07EE9-1E2A-4998-A504-74987ED49A2E}.Release|Any CPU.ActiveCfg = Release|Any CPU
		{05B07EE9-1E2A-4998-A504-74987ED49A2E}.Release|Any CPU.Build.0 = Release|Any CPU
		{F79AFC9D-5933-4497-BC25-0D21D5BA3361}.Debug|Any CPU.ActiveCfg = Debug|Any CPU
		{F79AFC9D-5933-4497-BC25-0D21D5BA3361}.Debug|Any CPU.Build.0 = Debug|Any CPU
		{F79AFC9D-5933-4497-BC25-0D21D5BA3361}.Release|Any CPU.ActiveCfg = Release|Any CPU
		{F79AFC9D-5933-4497-BC25-0D21D5BA3361}.Release|Any CPU.Build.0 = Release|Any CPU
		{14A60B84-5672-4BD7-9549-9DCED2CF2F85}.Debug|Any CPU.ActiveCfg = Debug|Any CPU
		{14A60B84-5672-4BD7-9549-9DCED2CF2F85}.Debug|Any CPU.Build.0 = Debug|Any CPU
		{14A60B84-5672-4BD7-9549-9DCED2CF2F85}.Release|Any CPU.ActiveCfg = Release|Any CPU
		{14A60B84-5672-4BD7-9549-9DCED2CF2F85}.Release|Any CPU.Build.0 = Release|Any CPU
	EndGlobalSection
	GlobalSection(SolutionProperties) = preSolution
		HideSolutionNode = FALSE
	EndGlobalSection
	GlobalSection(NestedProjects) = preSolution
		{9653E917-2A04-425C-94D0-AF27ADB4EC7B} = {7A38084E-C44E-4813-BE60-EAA94226B19A}
		{F3821BE7-5631-42BA-B477-E63E53171209} = {7A38084E-C44E-4813-BE60-EAA94226B19A}
	EndGlobalSection
	GlobalSection(ExtensibilityGlobals) = postSolution
		SolutionGuid = {242F5291-8A9D-40E1-A256-E82CC24E68CE}
	EndGlobalSection
EndGlobal
